
Microsoft Visual Studio Solution File, Format Version 12.00
# Visual Studio Version 16
VisualStudioVersion = 16.0.29609.76
MinimumVisualStudioVersion = 10.0.40219.1
Project("{2150E333-8FDC-42A3-9474-1A3956D46DE8}") = "Feature", "Feature", "{7828BA19-D1BA-4798-A9AC-422E976C16AD}"
EndProject
Project("{2150E333-8FDC-42A3-9474-1A3956D46DE8}") = "Foundation", "Foundation", "{2174E145-95FB-4806-A270-5AC6102F0BE5}"
EndProject
Project("{2150E333-8FDC-42A3-9474-1A3956D46DE8}") = "Project", "Project", "{73B5DB08-2039-44BA-A3BE-86217CD661B6}"
EndProject
Project("{2150E333-8FDC-42A3-9474-1A3956D46DE8}") = ".Serialization", ".Serialization", "{6E8C88C1-2F05-463A-BEA1-70148BC72614}"
EndProject
Project("{2150E333-8FDC-42A3-9474-1A3956D46DE8}") = ".Serialization", ".Serialization", "{BE3C57E7-D770-4EE2-A089-3312BDFA7F55}"
EndProject
Project("{2150E333-8FDC-42A3-9474-1A3956D46DE8}") = "Common", "Common", "{ECD66533-2B7D-47E2-811A-04F8365EBAAA}"
EndProject
Project("{2150E333-8FDC-42A3-9474-1A3956D46DE8}") = ".Serialization", ".Serialization", "{986E5C6D-0669-404C-9ABD-B0A678749372}"
EndProject
Project("{2150E333-8FDC-42A3-9474-1A3956D46DE8}") = ".SolutionFiles", ".SolutionFiles", "{527054E6-128B-46D2-99A8-17998523373A}"
	ProjectSection(SolutionItems) = preProject
		Directory.Build.targets = Directory.Build.targets
		nuget.config = nuget.config
		README.md = README.md
		TdsGlobal.config = TdsGlobal.config
		TdsGlobal.config.user = TdsGlobal.config.user
	EndProjectSection
EndProject
Project("{FAE04EC0-301F-11D3-BF4B-00C04F79EFBC}") = "Keppel.Project.Common", "src\Project\code\Keppel.Project.Common\Keppel.Project.Common.csproj", "{E541052E-4FE1-4645-8CED-692D49A49CB1}"
EndProject
Project("{CAA73BB0-EF22-4D79-A57E-DF67B3BA9C80}") = "Keppel.Feature.Master", "src\Feature\serialization\Keppel.Feature.Master\Keppel.Feature.Master.scproj", "{D838B719-0F90-46D7-B8ED-2CF6EAF2FD6A}"
EndProject
Project("{CAA73BB0-EF22-4D79-A57E-DF67B3BA9C80}") = "Keppel.Feature.Core", "src\Feature\serialization\Keppel.Feature.Core\Keppel.Feature.Core.scproj", "{E9B0D9F8-3EBA-4370-9064-8019D3527325}"
EndProject
Project("{CAA73BB0-EF22-4D79-A57E-DF67B3BA9C80}") = "Keppel.Foundation.Core", "src\Foundation\serialization\Keppel.Foundation.Core\Keppel.Foundation.Core.scproj", "{48E41C04-8421-4D94-BAE8-AA69D76C987C}"
EndProject
Project("{CAA73BB0-EF22-4D79-A57E-DF67B3BA9C80}") = "Keppel.Foundation.Master", "src\Foundation\serialization\Keppel.Foundation.Master\Keppel.Foundation.Master.scproj", "{788EF34C-DBA9-43EF-856B-07AC9A6023DA}"
EndProject
Project("{CAA73BB0-EF22-4D79-A57E-DF67B3BA9C80}") = "Keppel.Project.Common.Master", "src\Project\serialization\Keppel.Project.Common.Master\Keppel.Project.Common.Master.scproj", "{42EABA80-0CCA-45B0-A578-5D90ED97613E}"
EndProject
Project("{2150E333-8FDC-42A3-9474-1A3956D46DE8}") = ".Build", ".Build", "{34AF4EC3-EA2A-4F79-8D46-061ADF5B8F77}"
EndProject
Project("{CAA73BB0-EF22-4D79-A57E-DF67B3BA9C80}") = "Keppel.Build", "DevOps\Keppel.Build\Keppel.Build.scproj", "{BFA0BB91-6364-4965-A671-4271C7DDDA4E}"
EndProject
Project("{2150E333-8FDC-42A3-9474-1A3956D46DE8}") = "KeppelInternational", "KeppelInternational", "{D91DB0E4-A8D3-40CD-9F89-8FD3E07E25A5}"
EndProject
Project("{2150E333-8FDC-42A3-9474-1A3956D46DE8}") = "KeppelSingapore", "KeppelSingapore", "{B62E300A-1F36-46FC-B54A-488B462EF94B}"
EndProject
Project("{2150E333-8FDC-42A3-9474-1A3956D46DE8}") = ".Serialization", ".Serialization", "{655C48DC-765E-4553-9475-E090844DF4C4}"
EndProject
Project("{2150E333-8FDC-42A3-9474-1A3956D46DE8}") = ".Serialization", ".Serialization", "{B9CEBE9D-C4A4-4025-A232-7B3C5BAD29DB}"
EndProject
Project("{CAA73BB0-EF22-4D79-A57E-DF67B3BA9C80}") = "Keppel.Project.KeppelInternational.Master", "src\Project\serialization\Keppel.Project.KeppelInternational.Master\Keppel.Project.KeppelInternational.Master.scproj", "{5D30EA01-8DC5-436F-B6DB-A3F57399E2FD}"
EndProject
Project("{CAA73BB0-EF22-4D79-A57E-DF67B3BA9C80}") = "Keppel.Project.KeppelInternational.Content", "src\Project\serialization\Keppel.Project.KeppelInternational.Content\Keppel.Project.KeppelInternational.Content.scproj", "{8B0666E1-D1D9-4ACF-B517-8BB6D8DE81F3}"
EndProject
Project("{CAA73BB0-EF22-4D79-A57E-DF67B3BA9C80}") = "Keppel.Project.KeppelSingapore.Master", "src\Project\serialization\Keppel.Project.KeppelSingapoer.Master\Keppel.Project.KeppelSingapore.Master.scproj", "{DE475D08-8AEA-406C-A588-94283D7D22A8}"
EndProject
Project("{CAA73BB0-EF22-4D79-A57E-DF67B3BA9C80}") = "Keppel.Project.KeppelSingapore.Content", "src\Project\serialization\Keppel.Project.KeppelSingapoer.Content\Keppel.Project.KeppelSingapore.Content.scproj", "{E17BF6E6-2B24-4DFE-8B7E-5008956390BA}"
EndProject
Project("{2150E333-8FDC-42A3-9474-1A3956D46DE8}") = "Navigation", "Navigation", "{C9BFE63F-028A-4FFC-A084-4F9964EFCD6B}"
EndProject
Project("{FAE04EC0-301F-11D3-BF4B-00C04F79EFBC}") = "Keppel.Feature.Navigation", "src\Feature\code\Keppel.Feature.Navigation\Keppel.Feature.Navigation.csproj", "{CFFD147D-C0FF-48A9-8260-2BD770FF9123}"
EndProject
Project("{2150E333-8FDC-42A3-9474-1A3956D46DE8}") = "PageContent", "PageContent", "{02B1F32B-335E-466D-BC74-6FD4930B3A7D}"
EndProject
Project("{FAE04EC0-301F-11D3-BF4B-00C04F79EFBC}") = "Keppel.Feature.PageContent", "src\Feature\code\Keppel.Feature.PageContent\Keppel.Feature.PageContent.csproj", "{B48B516C-C35B-405A-9E53-8895AF3F4E30}"
EndProject
Project("{2150E333-8FDC-42A3-9474-1A3956D46DE8}") = "SitecoreExtensions", "SitecoreExtensions", "{1988E41D-91C2-4A7F-9E6F-AA602C8D2172}"
EndProject
Project("{FAE04EC0-301F-11D3-BF4B-00C04F79EFBC}") = "Keppel.Foundation.SitecoreExtensions", "src\Foundation\code\Keppel.Foundation.SitecoreExtensions\Keppel.Foundation.SitecoreExtensions.csproj", "{320FF9BA-8C86-4018-BE66-D80540B8F2A9}"
EndProject
Project("{2150E333-8FDC-42A3-9474-1A3956D46DE8}") = "DependencyInjection", "DependencyInjection", "{51552401-188E-4415-8178-F69AD5F18CBC}"
EndProject
Project("{FAE04EC0-301F-11D3-BF4B-00C04F79EFBC}") = "Keppel.Foundation.DependencyInjection", "src\Foundation\code\Keppel.Foundation.DependencyInjection\Keppel.Foundation.DependencyInjection.csproj", "{40C01541-0721-4DC8-B743-D4561E14C1EB}"
EndProject
Project("{2150E333-8FDC-42A3-9474-1A3956D46DE8}") = "SiteMetadata", "SiteMetadata", "{918EA541-61F1-4A82-AA8C-892A592E3964}"
EndProject
Project("{FAE04EC0-301F-11D3-BF4B-00C04F79EFBC}") = "Keppel.Feature.SiteMetadata", "src\Feature\code\Keppel.Feature.SiteMetadata\Keppel.Feature.SiteMetadata.csproj", "{1CE2D5FC-CD4F-4216-8817-E62F386174CB}"
EndProject
Project("{2150E333-8FDC-42A3-9474-1A3956D46DE8}") = "Context", "Context", "{8FC17D43-2BCB-4C33-98D2-E82760A22B8C}"
EndProject
Project("{FAE04EC0-301F-11D3-BF4B-00C04F79EFBC}") = "Keppel.Feature.Context", "src\Feature\code\Keppel.Feature.Context\Keppel.Feature.Context.csproj", "{088A7D2D-E312-4EDC-9CC1-396599FE70E0}"
EndProject
Project("{2150E333-8FDC-42A3-9474-1A3956D46DE8}") = "Scriban", "Scriban", "{E3F88AFA-8A60-4564-9FBC-F61CE5C3389B}"
EndProject
Project("{FAE04EC0-301F-11D3-BF4B-00C04F79EFBC}") = "Keppel.Foundation.Scriban", "src\Foundation\code\Keppel.Foundation.Scriban\Keppel.Foundation.Scriban.csproj", "{5170866A-60F8-497D-AE79-33437999C51C}"
EndProject
Project("{2150E333-8FDC-42A3-9474-1A3956D46DE8}") = "Social", "Social", "{E077251C-1E4D-4EB9-8C7C-AB3B915C8516}"
EndProject
Project("{FAE04EC0-301F-11D3-BF4B-00C04F79EFBC}") = "Keppel.Feature.Social", "src\Feature\code\Keppel.Feature.Social\Keppel.Feature.Social.csproj", "{F2EC04A3-FE41-4726-9531-F5931B45180E}"
EndProject
Project("{2150E333-8FDC-42A3-9474-1A3956D46DE8}") = "Search", "Search", "{49EBE619-D370-40D5-8A5C-D58BDF457FA7}"
EndProject
Project("{FAE04EC0-301F-11D3-BF4B-00C04F79EFBC}") = "Keppel.Foundation.Search", "src\Foundation\code\Keppel.Foundation.Search\Keppel.Foundation.Search.csproj", "{BCC29EC8-8CDB-4FFF-B54C-8F4624F90589}"
EndProject
Project("{2150E333-8FDC-42A3-9474-1A3956D46DE8}") = "Search", "Search", "{4E354C63-6C2E-493A-9D9A-DACB068CF6BD}"
EndProject
Project("{FAE04EC0-301F-11D3-BF4B-00C04F79EFBC}") = "Keppel.Feature.Search", "src\Feature\code\Keppel.Feature.Search\Keppel.Feature.Search.csproj", "{601B646F-C059-4C64-A7D6-C90BD9ADD6AD}"
EndProject
Project("{2150E333-8FDC-42A3-9474-1A3956D46DE8}") = "Multisite", "Multisite", "{F21D7B46-3676-423E-8B5A-84BF44AA50C5}"
EndProject
Project("{FAE04EC0-301F-11D3-BF4B-00C04F79EFBC}") = "Keppel.Foundation.Multisite", "src\Foundation\code\Keppel.Foundation.Multisite\Keppel.Foundation.Multisite.csproj", "{8AA76393-6C91-4740-AC1D-B7CEAB9DEEF9}"
EndProject
Project("{2150E333-8FDC-42A3-9474-1A3956D46DE8}") = "Media", "Media", "{A28256CB-E97A-449D-932D-8261972AF874}"
EndProject
Project("{FAE04EC0-301F-11D3-BF4B-00C04F79EFBC}") = "Keppel.Feature.Media", "src\Feature\code\Keppel.Feature.Media\Keppel.Feature.Media.csproj", "{0F53412E-61CB-4D01-9229-827000280512}"
EndProject
Project("{2150E333-8FDC-42A3-9474-1A3956D46DE8}") = "Composites", "Composites", "{D5207112-5F57-4DE6-B9CC-2943A2849FC6}"
EndProject
Project("{FAE04EC0-301F-11D3-BF4B-00C04F79EFBC}") = "Keppel.Feature.Composites", "src\Feature\code\Keppel.Feature.Composites\Keppel.Feature.Composites.csproj", "{9BB599F8-034F-4E29-B3B2-DAAC63AECF1E}"
EndProject
Project("{2150E333-8FDC-42A3-9474-1A3956D46DE8}") = "Locations", "Locations", "{DC94B86B-952F-4783-B01B-1D3130FBA08A}"
EndProject
Project("{FAE04EC0-301F-11D3-BF4B-00C04F79EFBC}") = "Keppel.Feature.Locations", "src\Feature\code\Keppel.Feature.Locations\Keppel.Feature.Locations.csproj", "{21C1A0B0-21F3-4BC4-A966-B22E2EFC059A}"
EndProject
Project("{2150E333-8FDC-42A3-9474-1A3956D46DE8}") = "ExperienceForms", "ExperienceForms", "{59D7DFCE-4675-42A8-A1F6-BC8C8440E0B1}"
EndProject
Project("{FAE04EC0-301F-11D3-BF4B-00C04F79EFBC}") = "Keppel.Foundation.ExperienceForms", "src\Foundation\code\Keppel.Foundation.ExperienceForms\Keppel.Foundation.ExperienceForms.csproj", "{E7CEE97E-7735-49CF-AC8E-208187E25EBA}"
EndProject
Project("{2150E333-8FDC-42A3-9474-1A3956D46DE8}") = "Salesforce", "Salesforce", "{2AF8477E-C167-4732-8F0E-2D119B569B48}"
EndProject
Project("{FAE04EC0-301F-11D3-BF4B-00C04F79EFBC}") = "Keppel.Foundation.Salesforce", "src\Foundation\code\Keppel.Foundation.Salesforce\Keppel.Foundation.Salesforce.csproj", "{096BD066-B19F-4C27-8749-EE7C9BB92E6F}"
EndProject
Project("{2150E333-8FDC-42A3-9474-1A3956D46DE8}") = "ErrorsHandling", "ErrorsHandling", "{1563D32A-9908-44EC-82DD-92FB5D9AE1F3}"
EndProject
Project("{FAE04EC0-301F-11D3-BF4B-00C04F79EFBC}") = "Keppel.Foundation.ErrorsHandling", "src\Foundation\code\Keppel.Foundation.ErrorsHandling\Keppel.Foundation.ErrorsHandling.csproj", "{91E8A83A-EBB9-43E8-9997-20DCC70A8D6F}"
EndProject
Project("{2150E333-8FDC-42A3-9474-1A3956D46DE8}") = "MediaReleases", "MediaReleases", "{08F4EC9D-D54D-4A6E-97FA-7507703BAE07}"
EndProject
Project("{FAE04EC0-301F-11D3-BF4B-00C04F79EFBC}") = "Keppel.Feature.MediaReleases", "src\Feature\code\Keppel.Feature.MediaReleases\Keppel.Feature.MediaReleases.csproj", "{905B7E58-B77C-4013-96A8-45573B9CA3CC}"
EndProject
Project("{2150E333-8FDC-42A3-9474-1A3956D46DE8}") = "KeppelChina", "KeppelChina", "{D62BD46B-008C-4581-A595-F1E716E0939F}"
EndProject
Project("{2150E333-8FDC-42A3-9474-1A3956D46DE8}") = "KeppelVietnam", "KeppelVietnam", "{9B3D6D0C-4D96-44C8-A8FE-584897F08687}"
EndProject
Project("{2150E333-8FDC-42A3-9474-1A3956D46DE8}") = "KeppelIndonesia", "KeppelIndonesia", "{B49572E0-FF54-45B0-964F-9B94D23C6ADC}"
EndProject
Project("{2150E333-8FDC-42A3-9474-1A3956D46DE8}") = "KeppelPhilippines", "KeppelPhilippines", "{AC5BF13E-904C-4BE9-B936-CDA2EC3745C0}"
EndProject
Project("{2150E333-8FDC-42A3-9474-1A3956D46DE8}") = ".Serialization", ".Serialization", "{0A70ECA5-6EF0-4893-8B7D-A636E57A4126}"
EndProject
Project("{2150E333-8FDC-42A3-9474-1A3956D46DE8}") = ".Serialization", ".Serialization", "{523A168A-7A14-42EB-960A-8B02FF215231}"
EndProject
Project("{2150E333-8FDC-42A3-9474-1A3956D46DE8}") = ".Serialization", ".Serialization", "{885949F3-8801-4D32-976D-1ECA046D05B4}"
EndProject
Project("{2150E333-8FDC-42A3-9474-1A3956D46DE8}") = ".Serialization", ".Serialization", "{4B36B66F-B989-466E-A68E-AB1DF6002847}"
EndProject
Project("{CAA73BB0-EF22-4D79-A57E-DF67B3BA9C80}") = "Keppel.Project.KeppelChina.Master", "src\Project\serialization\Keppel.Project.KeppelChina.Master\Keppel.Project.KeppelChina.Master.scproj", "{DF197156-B636-4890-BF14-E5986FE71903}"
EndProject
Project("{CAA73BB0-EF22-4D79-A57E-DF67B3BA9C80}") = "Keppel.Project.KeppelChina.Content", "src\Project\serialization\Keppel.Project.KeppelChina.Content\Keppel.Project.KeppelChina.Content.scproj", "{B82FB9F4-E97A-4437-9214-5C34EC688C0F}"
EndProject
Project("{CAA73BB0-EF22-4D79-A57E-DF67B3BA9C80}") = "Keppel.Project.KeppelIndonesia.Master", "src\Project\serialization\Keppel.Project.KeppelIndonesia.Master\Keppel.Project.KeppelIndonesia.Master.scproj", "{569D220F-BCB4-4ED8-9A9D-211FDDC42495}"
EndProject
Project("{CAA73BB0-EF22-4D79-A57E-DF67B3BA9C80}") = "Keppel.Project.KeppelIndonesia.Content", "src\Project\serialization\Keppel.Project.KeppelIndonesia.Content\Keppel.Project.KeppelIndonesia.Content.scproj", "{AA958F98-24D2-4480-AB89-865D4459A7BA}"
EndProject
Project("{CAA73BB0-EF22-4D79-A57E-DF67B3BA9C80}") = "Keppel.Project.KeppelPhilippines.Content", "src\Project\serialization\Keppel.Project.KeppelPhilippines.Content\Keppel.Project.KeppelPhilippines.Content.scproj", "{52E0DC72-F100-4BE3-80BD-7B3030BDDA9A}"
EndProject
Project("{CAA73BB0-EF22-4D79-A57E-DF67B3BA9C80}") = "Keppel.Project.KeppelPhilippines.Master", "src\Project\serialization\Keppel.Project.KeppelPhilippines.Master\Keppel.Project.KeppelPhilippines.Master.scproj", "{07267DE2-7BAA-4B22-BA98-B14BD7832D7A}"
EndProject
Project("{CAA73BB0-EF22-4D79-A57E-DF67B3BA9C80}") = "Keppel.Project.KeppelVietnam.Master", "src\Project\serialization\Keppel.Project.KeppelVietnam.Master\Keppel.Project.KeppelVietnam.Master.scproj", "{FDDBA4C1-D19F-48D3-BA26-1AAAB64EAFC5}"
EndProject
Project("{CAA73BB0-EF22-4D79-A57E-DF67B3BA9C80}") = "Keppel.Project.KeppelVietnam.Content", "src\Project\serialization\Keppel.Project.KeppelVietnam.Content\Keppel.Project.KeppelVietnam.Content.scproj", "{400E3B4B-AF7B-417C-8A9D-969F9EC269F4}"
EndProject
Global
	GlobalSection(SolutionConfigurationPlatforms) = preSolution
		Debug|Any CPU = Debug|Any CPU
		Release|Any CPU = Release|Any CPU
	EndGlobalSection
	GlobalSection(ProjectConfigurationPlatforms) = postSolution
		{E541052E-4FE1-4645-8CED-692D49A49CB1}.Debug|Any CPU.ActiveCfg = Debug|Any CPU
		{E541052E-4FE1-4645-8CED-692D49A49CB1}.Debug|Any CPU.Build.0 = Debug|Any CPU
		{E541052E-4FE1-4645-8CED-692D49A49CB1}.Release|Any CPU.ActiveCfg = Release|Any CPU
		{E541052E-4FE1-4645-8CED-692D49A49CB1}.Release|Any CPU.Build.0 = Release|Any CPU
		{D838B719-0F90-46D7-B8ED-2CF6EAF2FD6A}.Debug|Any CPU.ActiveCfg = Debug|Any CPU
		{D838B719-0F90-46D7-B8ED-2CF6EAF2FD6A}.Debug|Any CPU.Build.0 = Debug|Any CPU
		{D838B719-0F90-46D7-B8ED-2CF6EAF2FD6A}.Debug|Any CPU.Deploy.0 = Debug|Any CPU
		{D838B719-0F90-46D7-B8ED-2CF6EAF2FD6A}.Release|Any CPU.ActiveCfg = Release|Any CPU
		{D838B719-0F90-46D7-B8ED-2CF6EAF2FD6A}.Release|Any CPU.Build.0 = Release|Any CPU
		{D838B719-0F90-46D7-B8ED-2CF6EAF2FD6A}.Release|Any CPU.Deploy.0 = Release|Any CPU
		{E9B0D9F8-3EBA-4370-9064-8019D3527325}.Debug|Any CPU.ActiveCfg = Debug|Any CPU
		{E9B0D9F8-3EBA-4370-9064-8019D3527325}.Debug|Any CPU.Build.0 = Debug|Any CPU
		{E9B0D9F8-3EBA-4370-9064-8019D3527325}.Debug|Any CPU.Deploy.0 = Debug|Any CPU
		{E9B0D9F8-3EBA-4370-9064-8019D3527325}.Release|Any CPU.ActiveCfg = Release|Any CPU
		{E9B0D9F8-3EBA-4370-9064-8019D3527325}.Release|Any CPU.Build.0 = Release|Any CPU
		{E9B0D9F8-3EBA-4370-9064-8019D3527325}.Release|Any CPU.Deploy.0 = Release|Any CPU
		{48E41C04-8421-4D94-BAE8-AA69D76C987C}.Debug|Any CPU.ActiveCfg = Debug|Any CPU
		{48E41C04-8421-4D94-BAE8-AA69D76C987C}.Debug|Any CPU.Build.0 = Debug|Any CPU
		{48E41C04-8421-4D94-BAE8-AA69D76C987C}.Debug|Any CPU.Deploy.0 = Debug|Any CPU
		{48E41C04-8421-4D94-BAE8-AA69D76C987C}.Release|Any CPU.ActiveCfg = Release|Any CPU
		{48E41C04-8421-4D94-BAE8-AA69D76C987C}.Release|Any CPU.Build.0 = Release|Any CPU
		{48E41C04-8421-4D94-BAE8-AA69D76C987C}.Release|Any CPU.Deploy.0 = Release|Any CPU
		{788EF34C-DBA9-43EF-856B-07AC9A6023DA}.Debug|Any CPU.ActiveCfg = Debug|Any CPU
		{788EF34C-DBA9-43EF-856B-07AC9A6023DA}.Debug|Any CPU.Build.0 = Debug|Any CPU
		{788EF34C-DBA9-43EF-856B-07AC9A6023DA}.Debug|Any CPU.Deploy.0 = Debug|Any CPU
		{788EF34C-DBA9-43EF-856B-07AC9A6023DA}.Release|Any CPU.ActiveCfg = Release|Any CPU
		{788EF34C-DBA9-43EF-856B-07AC9A6023DA}.Release|Any CPU.Build.0 = Release|Any CPU
		{788EF34C-DBA9-43EF-856B-07AC9A6023DA}.Release|Any CPU.Deploy.0 = Release|Any CPU
		{42EABA80-0CCA-45B0-A578-5D90ED97613E}.Debug|Any CPU.ActiveCfg = Debug|Any CPU
		{42EABA80-0CCA-45B0-A578-5D90ED97613E}.Debug|Any CPU.Build.0 = Debug|Any CPU
		{42EABA80-0CCA-45B0-A578-5D90ED97613E}.Debug|Any CPU.Deploy.0 = Debug|Any CPU
		{42EABA80-0CCA-45B0-A578-5D90ED97613E}.Release|Any CPU.ActiveCfg = Release|Any CPU
		{BFA0BB91-6364-4965-A671-4271C7DDDA4E}.Debug|Any CPU.ActiveCfg = Debug|Any CPU
		{BFA0BB91-6364-4965-A671-4271C7DDDA4E}.Debug|Any CPU.Build.0 = Debug|Any CPU
		{BFA0BB91-6364-4965-A671-4271C7DDDA4E}.Debug|Any CPU.Deploy.0 = Debug|Any CPU
		{BFA0BB91-6364-4965-A671-4271C7DDDA4E}.Release|Any CPU.ActiveCfg = Release|Any CPU
		{BFA0BB91-6364-4965-A671-4271C7DDDA4E}.Release|Any CPU.Build.0 = Release|Any CPU
		{BFA0BB91-6364-4965-A671-4271C7DDDA4E}.Release|Any CPU.Deploy.0 = Release|Any CPU
		{5D30EA01-8DC5-436F-B6DB-A3F57399E2FD}.Debug|Any CPU.ActiveCfg = Debug|Any CPU
		{5D30EA01-8DC5-436F-B6DB-A3F57399E2FD}.Debug|Any CPU.Build.0 = Debug|Any CPU
		{5D30EA01-8DC5-436F-B6DB-A3F57399E2FD}.Debug|Any CPU.Deploy.0 = Debug|Any CPU
		{5D30EA01-8DC5-436F-B6DB-A3F57399E2FD}.Release|Any CPU.ActiveCfg = Release|Any CPU
		{5D30EA01-8DC5-436F-B6DB-A3F57399E2FD}.Release|Any CPU.Build.0 = Release|Any CPU
		{5D30EA01-8DC5-436F-B6DB-A3F57399E2FD}.Release|Any CPU.Deploy.0 = Release|Any CPU
		{8B0666E1-D1D9-4ACF-B517-8BB6D8DE81F3}.Debug|Any CPU.ActiveCfg = Debug|Any CPU
		{8B0666E1-D1D9-4ACF-B517-8BB6D8DE81F3}.Debug|Any CPU.Build.0 = Debug|Any CPU
		{8B0666E1-D1D9-4ACF-B517-8BB6D8DE81F3}.Debug|Any CPU.Deploy.0 = Debug|Any CPU
		{8B0666E1-D1D9-4ACF-B517-8BB6D8DE81F3}.Release|Any CPU.ActiveCfg = Release|Any CPU
		{DE475D08-8AEA-406C-A588-94283D7D22A8}.Debug|Any CPU.ActiveCfg = Debug|Any CPU
		{DE475D08-8AEA-406C-A588-94283D7D22A8}.Debug|Any CPU.Build.0 = Debug|Any CPU
		{DE475D08-8AEA-406C-A588-94283D7D22A8}.Debug|Any CPU.Deploy.0 = Debug|Any CPU
		{DE475D08-8AEA-406C-A588-94283D7D22A8}.Release|Any CPU.ActiveCfg = Release|Any CPU
		{DE475D08-8AEA-406C-A588-94283D7D22A8}.Release|Any CPU.Build.0 = Release|Any CPU
		{DE475D08-8AEA-406C-A588-94283D7D22A8}.Release|Any CPU.Deploy.0 = Release|Any CPU
		{E17BF6E6-2B24-4DFE-8B7E-5008956390BA}.Debug|Any CPU.ActiveCfg = Debug|Any CPU
		{E17BF6E6-2B24-4DFE-8B7E-5008956390BA}.Debug|Any CPU.Build.0 = Debug|Any CPU
		{E17BF6E6-2B24-4DFE-8B7E-5008956390BA}.Debug|Any CPU.Deploy.0 = Debug|Any CPU
		{E17BF6E6-2B24-4DFE-8B7E-5008956390BA}.Release|Any CPU.ActiveCfg = Release|Any CPU
		{CFFD147D-C0FF-48A9-8260-2BD770FF9123}.Debug|Any CPU.ActiveCfg = Debug|Any CPU
		{CFFD147D-C0FF-48A9-8260-2BD770FF9123}.Debug|Any CPU.Build.0 = Debug|Any CPU
		{CFFD147D-C0FF-48A9-8260-2BD770FF9123}.Release|Any CPU.ActiveCfg = Release|Any CPU
		{CFFD147D-C0FF-48A9-8260-2BD770FF9123}.Release|Any CPU.Build.0 = Release|Any CPU
		{B48B516C-C35B-405A-9E53-8895AF3F4E30}.Debug|Any CPU.ActiveCfg = Debug|Any CPU
		{B48B516C-C35B-405A-9E53-8895AF3F4E30}.Debug|Any CPU.Build.0 = Debug|Any CPU
		{B48B516C-C35B-405A-9E53-8895AF3F4E30}.Release|Any CPU.ActiveCfg = Release|Any CPU
		{B48B516C-C35B-405A-9E53-8895AF3F4E30}.Release|Any CPU.Build.0 = Release|Any CPU
		{320FF9BA-8C86-4018-BE66-D80540B8F2A9}.Debug|Any CPU.ActiveCfg = Debug|Any CPU
		{320FF9BA-8C86-4018-BE66-D80540B8F2A9}.Debug|Any CPU.Build.0 = Debug|Any CPU
		{320FF9BA-8C86-4018-BE66-D80540B8F2A9}.Release|Any CPU.ActiveCfg = Release|Any CPU
		{320FF9BA-8C86-4018-BE66-D80540B8F2A9}.Release|Any CPU.Build.0 = Release|Any CPU
		{40C01541-0721-4DC8-B743-D4561E14C1EB}.Debug|Any CPU.ActiveCfg = Debug|Any CPU
		{40C01541-0721-4DC8-B743-D4561E14C1EB}.Debug|Any CPU.Build.0 = Debug|Any CPU
		{40C01541-0721-4DC8-B743-D4561E14C1EB}.Release|Any CPU.ActiveCfg = Release|Any CPU
		{40C01541-0721-4DC8-B743-D4561E14C1EB}.Release|Any CPU.Build.0 = Release|Any CPU
		{1CE2D5FC-CD4F-4216-8817-E62F386174CB}.Debug|Any CPU.ActiveCfg = Debug|Any CPU
		{1CE2D5FC-CD4F-4216-8817-E62F386174CB}.Debug|Any CPU.Build.0 = Debug|Any CPU
		{1CE2D5FC-CD4F-4216-8817-E62F386174CB}.Release|Any CPU.ActiveCfg = Release|Any CPU
		{1CE2D5FC-CD4F-4216-8817-E62F386174CB}.Release|Any CPU.Build.0 = Release|Any CPU
		{088A7D2D-E312-4EDC-9CC1-396599FE70E0}.Debug|Any CPU.ActiveCfg = Debug|Any CPU
		{088A7D2D-E312-4EDC-9CC1-396599FE70E0}.Debug|Any CPU.Build.0 = Debug|Any CPU
		{088A7D2D-E312-4EDC-9CC1-396599FE70E0}.Release|Any CPU.ActiveCfg = Release|Any CPU
		{088A7D2D-E312-4EDC-9CC1-396599FE70E0}.Release|Any CPU.Build.0 = Release|Any CPU
		{5170866A-60F8-497D-AE79-33437999C51C}.Debug|Any CPU.ActiveCfg = Debug|Any CPU
		{5170866A-60F8-497D-AE79-33437999C51C}.Debug|Any CPU.Build.0 = Debug|Any CPU
		{5170866A-60F8-497D-AE79-33437999C51C}.Release|Any CPU.ActiveCfg = Release|Any CPU
		{5170866A-60F8-497D-AE79-33437999C51C}.Release|Any CPU.Build.0 = Release|Any CPU
		{F2EC04A3-FE41-4726-9531-F5931B45180E}.Debug|Any CPU.ActiveCfg = Debug|Any CPU
		{F2EC04A3-FE41-4726-9531-F5931B45180E}.Debug|Any CPU.Build.0 = Debug|Any CPU
		{F2EC04A3-FE41-4726-9531-F5931B45180E}.Release|Any CPU.ActiveCfg = Release|Any CPU
		{F2EC04A3-FE41-4726-9531-F5931B45180E}.Release|Any CPU.Build.0 = Release|Any CPU
		{BCC29EC8-8CDB-4FFF-B54C-8F4624F90589}.Debug|Any CPU.ActiveCfg = Debug|Any CPU
		{BCC29EC8-8CDB-4FFF-B54C-8F4624F90589}.Debug|Any CPU.Build.0 = Debug|Any CPU
		{BCC29EC8-8CDB-4FFF-B54C-8F4624F90589}.Release|Any CPU.ActiveCfg = Release|Any CPU
		{BCC29EC8-8CDB-4FFF-B54C-8F4624F90589}.Release|Any CPU.Build.0 = Release|Any CPU
		{601B646F-C059-4C64-A7D6-C90BD9ADD6AD}.Debug|Any CPU.ActiveCfg = Debug|Any CPU
		{601B646F-C059-4C64-A7D6-C90BD9ADD6AD}.Debug|Any CPU.Build.0 = Debug|Any CPU
		{601B646F-C059-4C64-A7D6-C90BD9ADD6AD}.Release|Any CPU.ActiveCfg = Release|Any CPU
		{601B646F-C059-4C64-A7D6-C90BD9ADD6AD}.Release|Any CPU.Build.0 = Release|Any CPU
		{8AA76393-6C91-4740-AC1D-B7CEAB9DEEF9}.Debug|Any CPU.ActiveCfg = Debug|Any CPU
		{8AA76393-6C91-4740-AC1D-B7CEAB9DEEF9}.Debug|Any CPU.Build.0 = Debug|Any CPU
		{8AA76393-6C91-4740-AC1D-B7CEAB9DEEF9}.Release|Any CPU.ActiveCfg = Release|Any CPU
		{8AA76393-6C91-4740-AC1D-B7CEAB9DEEF9}.Release|Any CPU.Build.0 = Release|Any CPU
		{0F53412E-61CB-4D01-9229-827000280512}.Debug|Any CPU.ActiveCfg = Debug|Any CPU
		{0F53412E-61CB-4D01-9229-827000280512}.Debug|Any CPU.Build.0 = Debug|Any CPU
		{0F53412E-61CB-4D01-9229-827000280512}.Release|Any CPU.ActiveCfg = Release|Any CPU
		{0F53412E-61CB-4D01-9229-827000280512}.Release|Any CPU.Build.0 = Release|Any CPU
		{9BB599F8-034F-4E29-B3B2-DAAC63AECF1E}.Debug|Any CPU.ActiveCfg = Debug|Any CPU
		{9BB599F8-034F-4E29-B3B2-DAAC63AECF1E}.Debug|Any CPU.Build.0 = Debug|Any CPU
		{9BB599F8-034F-4E29-B3B2-DAAC63AECF1E}.Release|Any CPU.ActiveCfg = Release|Any CPU
		{9BB599F8-034F-4E29-B3B2-DAAC63AECF1E}.Release|Any CPU.Build.0 = Release|Any CPU
		{21C1A0B0-21F3-4BC4-A966-B22E2EFC059A}.Debug|Any CPU.ActiveCfg = Debug|Any CPU
		{21C1A0B0-21F3-4BC4-A966-B22E2EFC059A}.Debug|Any CPU.Build.0 = Debug|Any CPU
		{21C1A0B0-21F3-4BC4-A966-B22E2EFC059A}.Release|Any CPU.ActiveCfg = Release|Any CPU
		{21C1A0B0-21F3-4BC4-A966-B22E2EFC059A}.Release|Any CPU.Build.0 = Release|Any CPU
		{E7CEE97E-7735-49CF-AC8E-208187E25EBA}.Debug|Any CPU.ActiveCfg = Debug|Any CPU
		{E7CEE97E-7735-49CF-AC8E-208187E25EBA}.Debug|Any CPU.Build.0 = Debug|Any CPU
		{E7CEE97E-7735-49CF-AC8E-208187E25EBA}.Release|Any CPU.ActiveCfg = Release|Any CPU
		{E7CEE97E-7735-49CF-AC8E-208187E25EBA}.Release|Any CPU.Build.0 = Release|Any CPU
		{096BD066-B19F-4C27-8749-EE7C9BB92E6F}.Debug|Any CPU.ActiveCfg = Debug|Any CPU
		{096BD066-B19F-4C27-8749-EE7C9BB92E6F}.Debug|Any CPU.Build.0 = Debug|Any CPU
		{096BD066-B19F-4C27-8749-EE7C9BB92E6F}.Release|Any CPU.ActiveCfg = Release|Any CPU
		{096BD066-B19F-4C27-8749-EE7C9BB92E6F}.Release|Any CPU.Build.0 = Release|Any CPU
		{91E8A83A-EBB9-43E8-9997-20DCC70A8D6F}.Debug|Any CPU.ActiveCfg = Debug|Any CPU
		{91E8A83A-EBB9-43E8-9997-20DCC70A8D6F}.Debug|Any CPU.Build.0 = Debug|Any CPU
		{91E8A83A-EBB9-43E8-9997-20DCC70A8D6F}.Release|Any CPU.ActiveCfg = Release|Any CPU
		{91E8A83A-EBB9-43E8-9997-20DCC70A8D6F}.Release|Any CPU.Build.0 = Release|Any CPU
		{905B7E58-B77C-4013-96A8-45573B9CA3CC}.Debug|Any CPU.ActiveCfg = Debug|Any CPU
		{905B7E58-B77C-4013-96A8-45573B9CA3CC}.Debug|Any CPU.Build.0 = Debug|Any CPU
		{905B7E58-B77C-4013-96A8-45573B9CA3CC}.Release|Any CPU.ActiveCfg = Release|Any CPU
		{905B7E58-B77C-4013-96A8-45573B9CA3CC}.Release|Any CPU.Build.0 = Release|Any CPU
		{DF197156-B636-4890-BF14-E5986FE71903}.Debug|Any CPU.ActiveCfg = Debug|Any CPU
		{DF197156-B636-4890-BF14-E5986FE71903}.Debug|Any CPU.Build.0 = Debug|Any CPU
		{DF197156-B636-4890-BF14-E5986FE71903}.Debug|Any CPU.Deploy.0 = Debug|Any CPU
		{DF197156-B636-4890-BF14-E5986FE71903}.Release|Any CPU.ActiveCfg = Release|Any CPU
		{DF197156-B636-4890-BF14-E5986FE71903}.Release|Any CPU.Build.0 = Release|Any CPU
		{DF197156-B636-4890-BF14-E5986FE71903}.Release|Any CPU.Deploy.0 = Release|Any CPU
		{B82FB9F4-E97A-4437-9214-5C34EC688C0F}.Debug|Any CPU.ActiveCfg = Debug|Any CPU
		{B82FB9F4-E97A-4437-9214-5C34EC688C0F}.Debug|Any CPU.Build.0 = Debug|Any CPU
		{B82FB9F4-E97A-4437-9214-5C34EC688C0F}.Debug|Any CPU.Deploy.0 = Debug|Any CPU
		{B82FB9F4-E97A-4437-9214-5C34EC688C0F}.Release|Any CPU.ActiveCfg = Release|Any CPU
		{569D220F-BCB4-4ED8-9A9D-211FDDC42495}.Debug|Any CPU.ActiveCfg = Debug|Any CPU
		{569D220F-BCB4-4ED8-9A9D-211FDDC42495}.Debug|Any CPU.Build.0 = Debug|Any CPU
		{569D220F-BCB4-4ED8-9A9D-211FDDC42495}.Debug|Any CPU.Deploy.0 = Debug|Any CPU
		{569D220F-BCB4-4ED8-9A9D-211FDDC42495}.Release|Any CPU.ActiveCfg = Release|Any CPU
		{569D220F-BCB4-4ED8-9A9D-211FDDC42495}.Release|Any CPU.Build.0 = Release|Any CPU
		{569D220F-BCB4-4ED8-9A9D-211FDDC42495}.Release|Any CPU.Deploy.0 = Release|Any CPU
		{AA958F98-24D2-4480-AB89-865D4459A7BA}.Debug|Any CPU.ActiveCfg = Debug|Any CPU
		{AA958F98-24D2-4480-AB89-865D4459A7BA}.Debug|Any CPU.Build.0 = Debug|Any CPU
		{AA958F98-24D2-4480-AB89-865D4459A7BA}.Debug|Any CPU.Deploy.0 = Debug|Any CPU
		{AA958F98-24D2-4480-AB89-865D4459A7BA}.Release|Any CPU.ActiveCfg = Release|Any CPU
		{52E0DC72-F100-4BE3-80BD-7B3030BDDA9A}.Debug|Any CPU.ActiveCfg = Debug|Any CPU
		{52E0DC72-F100-4BE3-80BD-7B3030BDDA9A}.Debug|Any CPU.Build.0 = Debug|Any CPU
		{52E0DC72-F100-4BE3-80BD-7B3030BDDA9A}.Debug|Any CPU.Deploy.0 = Debug|Any CPU
		{52E0DC72-F100-4BE3-80BD-7B3030BDDA9A}.Release|Any CPU.ActiveCfg = Release|Any CPU
		{07267DE2-7BAA-4B22-BA98-B14BD7832D7A}.Debug|Any CPU.ActiveCfg = Debug|Any CPU
		{07267DE2-7BAA-4B22-BA98-B14BD7832D7A}.Debug|Any CPU.Build.0 = Debug|Any CPU
		{07267DE2-7BAA-4B22-BA98-B14BD7832D7A}.Debug|Any CPU.Deploy.0 = Debug|Any CPU
		{07267DE2-7BAA-4B22-BA98-B14BD7832D7A}.Release|Any CPU.ActiveCfg = Release|Any CPU
		{07267DE2-7BAA-4B22-BA98-B14BD7832D7A}.Release|Any CPU.Build.0 = Release|Any CPU
		{07267DE2-7BAA-4B22-BA98-B14BD7832D7A}.Release|Any CPU.Deploy.0 = Release|Any CPU
		{FDDBA4C1-D19F-48D3-BA26-1AAAB64EAFC5}.Debug|Any CPU.ActiveCfg = Debug|Any CPU
		{FDDBA4C1-D19F-48D3-BA26-1AAAB64EAFC5}.Debug|Any CPU.Build.0 = Debug|Any CPU
		{FDDBA4C1-D19F-48D3-BA26-1AAAB64EAFC5}.Debug|Any CPU.Deploy.0 = Debug|Any CPU
		{FDDBA4C1-D19F-48D3-BA26-1AAAB64EAFC5}.Release|Any CPU.ActiveCfg = Release|Any CPU
		{FDDBA4C1-D19F-48D3-BA26-1AAAB64EAFC5}.Release|Any CPU.Build.0 = Release|Any CPU
		{FDDBA4C1-D19F-48D3-BA26-1AAAB64EAFC5}.Release|Any CPU.Deploy.0 = Release|Any CPU
		{400E3B4B-AF7B-417C-8A9D-969F9EC269F4}.Debug|Any CPU.ActiveCfg = Debug|Any CPU
		{400E3B4B-AF7B-417C-8A9D-969F9EC269F4}.Debug|Any CPU.Build.0 = Debug|Any CPU
		{400E3B4B-AF7B-417C-8A9D-969F9EC269F4}.Debug|Any CPU.Deploy.0 = Debug|Any CPU
		{400E3B4B-AF7B-417C-8A9D-969F9EC269F4}.Release|Any CPU.ActiveCfg = Release|Any CPU
	EndGlobalSection
	GlobalSection(SolutionProperties) = preSolution
		HideSolutionNode = FALSE
	EndGlobalSection
	GlobalSection(NestedProjects) = preSolution
		{6E8C88C1-2F05-463A-BEA1-70148BC72614} = {7828BA19-D1BA-4798-A9AC-422E976C16AD}
		{BE3C57E7-D770-4EE2-A089-3312BDFA7F55} = {2174E145-95FB-4806-A270-5AC6102F0BE5}
		{ECD66533-2B7D-47E2-811A-04F8365EBAAA} = {73B5DB08-2039-44BA-A3BE-86217CD661B6}
		{986E5C6D-0669-404C-9ABD-B0A678749372} = {ECD66533-2B7D-47E2-811A-04F8365EBAAA}
		{E541052E-4FE1-4645-8CED-692D49A49CB1} = {ECD66533-2B7D-47E2-811A-04F8365EBAAA}
		{D838B719-0F90-46D7-B8ED-2CF6EAF2FD6A} = {6E8C88C1-2F05-463A-BEA1-70148BC72614}
		{E9B0D9F8-3EBA-4370-9064-8019D3527325} = {6E8C88C1-2F05-463A-BEA1-70148BC72614}
		{48E41C04-8421-4D94-BAE8-AA69D76C987C} = {BE3C57E7-D770-4EE2-A089-3312BDFA7F55}
		{788EF34C-DBA9-43EF-856B-07AC9A6023DA} = {BE3C57E7-D770-4EE2-A089-3312BDFA7F55}
		{42EABA80-0CCA-45B0-A578-5D90ED97613E} = {986E5C6D-0669-404C-9ABD-B0A678749372}
		{BFA0BB91-6364-4965-A671-4271C7DDDA4E} = {34AF4EC3-EA2A-4F79-8D46-061ADF5B8F77}
		{D91DB0E4-A8D3-40CD-9F89-8FD3E07E25A5} = {73B5DB08-2039-44BA-A3BE-86217CD661B6}
		{B62E300A-1F36-46FC-B54A-488B462EF94B} = {73B5DB08-2039-44BA-A3BE-86217CD661B6}
		{655C48DC-765E-4553-9475-E090844DF4C4} = {D91DB0E4-A8D3-40CD-9F89-8FD3E07E25A5}
		{B9CEBE9D-C4A4-4025-A232-7B3C5BAD29DB} = {B62E300A-1F36-46FC-B54A-488B462EF94B}
		{5D30EA01-8DC5-436F-B6DB-A3F57399E2FD} = {655C48DC-765E-4553-9475-E090844DF4C4}
		{8B0666E1-D1D9-4ACF-B517-8BB6D8DE81F3} = {655C48DC-765E-4553-9475-E090844DF4C4}
		{DE475D08-8AEA-406C-A588-94283D7D22A8} = {B9CEBE9D-C4A4-4025-A232-7B3C5BAD29DB}
		{E17BF6E6-2B24-4DFE-8B7E-5008956390BA} = {B9CEBE9D-C4A4-4025-A232-7B3C5BAD29DB}
		{C9BFE63F-028A-4FFC-A084-4F9964EFCD6B} = {7828BA19-D1BA-4798-A9AC-422E976C16AD}
		{CFFD147D-C0FF-48A9-8260-2BD770FF9123} = {C9BFE63F-028A-4FFC-A084-4F9964EFCD6B}
		{02B1F32B-335E-466D-BC74-6FD4930B3A7D} = {7828BA19-D1BA-4798-A9AC-422E976C16AD}
		{B48B516C-C35B-405A-9E53-8895AF3F4E30} = {02B1F32B-335E-466D-BC74-6FD4930B3A7D}
		{1988E41D-91C2-4A7F-9E6F-AA602C8D2172} = {2174E145-95FB-4806-A270-5AC6102F0BE5}
		{320FF9BA-8C86-4018-BE66-D80540B8F2A9} = {1988E41D-91C2-4A7F-9E6F-AA602C8D2172}
		{51552401-188E-4415-8178-F69AD5F18CBC} = {2174E145-95FB-4806-A270-5AC6102F0BE5}
		{40C01541-0721-4DC8-B743-D4561E14C1EB} = {51552401-188E-4415-8178-F69AD5F18CBC}
		{918EA541-61F1-4A82-AA8C-892A592E3964} = {7828BA19-D1BA-4798-A9AC-422E976C16AD}
		{1CE2D5FC-CD4F-4216-8817-E62F386174CB} = {918EA541-61F1-4A82-AA8C-892A592E3964}
		{8FC17D43-2BCB-4C33-98D2-E82760A22B8C} = {7828BA19-D1BA-4798-A9AC-422E976C16AD}
		{088A7D2D-E312-4EDC-9CC1-396599FE70E0} = {8FC17D43-2BCB-4C33-98D2-E82760A22B8C}
		{E3F88AFA-8A60-4564-9FBC-F61CE5C3389B} = {2174E145-95FB-4806-A270-5AC6102F0BE5}
		{5170866A-60F8-497D-AE79-33437999C51C} = {E3F88AFA-8A60-4564-9FBC-F61CE5C3389B}
		{E077251C-1E4D-4EB9-8C7C-AB3B915C8516} = {7828BA19-D1BA-4798-A9AC-422E976C16AD}
		{F2EC04A3-FE41-4726-9531-F5931B45180E} = {E077251C-1E4D-4EB9-8C7C-AB3B915C8516}
		{49EBE619-D370-40D5-8A5C-D58BDF457FA7} = {2174E145-95FB-4806-A270-5AC6102F0BE5}
		{BCC29EC8-8CDB-4FFF-B54C-8F4624F90589} = {49EBE619-D370-40D5-8A5C-D58BDF457FA7}
		{4E354C63-6C2E-493A-9D9A-DACB068CF6BD} = {7828BA19-D1BA-4798-A9AC-422E976C16AD}
		{601B646F-C059-4C64-A7D6-C90BD9ADD6AD} = {4E354C63-6C2E-493A-9D9A-DACB068CF6BD}
		{F21D7B46-3676-423E-8B5A-84BF44AA50C5} = {2174E145-95FB-4806-A270-5AC6102F0BE5}
		{8AA76393-6C91-4740-AC1D-B7CEAB9DEEF9} = {F21D7B46-3676-423E-8B5A-84BF44AA50C5}
		{A28256CB-E97A-449D-932D-8261972AF874} = {7828BA19-D1BA-4798-A9AC-422E976C16AD}
		{0F53412E-61CB-4D01-9229-827000280512} = {A28256CB-E97A-449D-932D-8261972AF874}
		{D5207112-5F57-4DE6-B9CC-2943A2849FC6} = {7828BA19-D1BA-4798-A9AC-422E976C16AD}
		{9BB599F8-034F-4E29-B3B2-DAAC63AECF1E} = {D5207112-5F57-4DE6-B9CC-2943A2849FC6}
		{DC94B86B-952F-4783-B01B-1D3130FBA08A} = {7828BA19-D1BA-4798-A9AC-422E976C16AD}
		{21C1A0B0-21F3-4BC4-A966-B22E2EFC059A} = {DC94B86B-952F-4783-B01B-1D3130FBA08A}
		{59D7DFCE-4675-42A8-A1F6-BC8C8440E0B1} = {2174E145-95FB-4806-A270-5AC6102F0BE5}
		{E7CEE97E-7735-49CF-AC8E-208187E25EBA} = {59D7DFCE-4675-42A8-A1F6-BC8C8440E0B1}
		{2AF8477E-C167-4732-8F0E-2D119B569B48} = {2174E145-95FB-4806-A270-5AC6102F0BE5}
		{096BD066-B19F-4C27-8749-EE7C9BB92E6F} = {2AF8477E-C167-4732-8F0E-2D119B569B48}
		{1563D32A-9908-44EC-82DD-92FB5D9AE1F3} = {2174E145-95FB-4806-A270-5AC6102F0BE5}
		{91E8A83A-EBB9-43E8-9997-20DCC70A8D6F} = {1563D32A-9908-44EC-82DD-92FB5D9AE1F3}
		{08F4EC9D-D54D-4A6E-97FA-7507703BAE07} = {7828BA19-D1BA-4798-A9AC-422E976C16AD}
		{905B7E58-B77C-4013-96A8-45573B9CA3CC} = {08F4EC9D-D54D-4A6E-97FA-7507703BAE07}
		{D62BD46B-008C-4581-A595-F1E716E0939F} = {73B5DB08-2039-44BA-A3BE-86217CD661B6}
		{9B3D6D0C-4D96-44C8-A8FE-584897F08687} = {73B5DB08-2039-44BA-A3BE-86217CD661B6}
		{B49572E0-FF54-45B0-964F-9B94D23C6ADC} = {73B5DB08-2039-44BA-A3BE-86217CD661B6}
		{AC5BF13E-904C-4BE9-B936-CDA2EC3745C0} = {73B5DB08-2039-44BA-A3BE-86217CD661B6}
		{0A70ECA5-6EF0-4893-8B7D-A636E57A4126} = {D62BD46B-008C-4581-A595-F1E716E0939F}
		{523A168A-7A14-42EB-960A-8B02FF215231} = {B49572E0-FF54-45B0-964F-9B94D23C6ADC}
		{885949F3-8801-4D32-976D-1ECA046D05B4} = {AC5BF13E-904C-4BE9-B936-CDA2EC3745C0}
		{4B36B66F-B989-466E-A68E-AB1DF6002847} = {9B3D6D0C-4D96-44C8-A8FE-584897F08687}
		{DF197156-B636-4890-BF14-E5986FE71903} = {0A70ECA5-6EF0-4893-8B7D-A636E57A4126}
		{B82FB9F4-E97A-4437-9214-5C34EC688C0F} = {0A70ECA5-6EF0-4893-8B7D-A636E57A4126}
		{569D220F-BCB4-4ED8-9A9D-211FDDC42495} = {523A168A-7A14-42EB-960A-8B02FF215231}
		{AA958F98-24D2-4480-AB89-865D4459A7BA} = {523A168A-7A14-42EB-960A-8B02FF215231}
		{52E0DC72-F100-4BE3-80BD-7B3030BDDA9A} = {885949F3-8801-4D32-976D-1ECA046D05B4}
		{07267DE2-7BAA-4B22-BA98-B14BD7832D7A} = {885949F3-8801-4D32-976D-1ECA046D05B4}
		{FDDBA4C1-D19F-48D3-BA26-1AAAB64EAFC5} = {4B36B66F-B989-466E-A68E-AB1DF6002847}
		{400E3B4B-AF7B-417C-8A9D-969F9EC269F4} = {4B36B66F-B989-466E-A68E-AB1DF6002847}
	EndGlobalSection
	GlobalSection(ExtensibilityGlobals) = postSolution
		SolutionGuid = {813025D0-4850-4BC2-A6FB-8233C8C06376}
	EndGlobalSection
EndGlobal
